
Microsoft Visual Studio Solution File, Format Version 12.00
# Visual Studio Version 16
VisualStudioVersion = 16.0.810.17
MinimumVisualStudioVersion = 10.0.40219.1
Project("{FAE04EC0-301F-11D3-BF4B-00C04F79EFBC}") = "17Classworks", "17Classworks\17Classworks.csproj", "{D38D7F99-640D-4EEE-BE20-DF618CD8B723}"
EndProject
Global
	GlobalSection(SolutionConfigurationPlatforms) = preSolution
		Debug|Any CPU = Debug|Any CPU
		Release|Any CPU = Release|Any CPU
	EndGlobalSection
	GlobalSection(ProjectConfigurationPlatforms) = postSolution
		{D38D7F99-640D-4EEE-BE20-DF618CD8B723}.Debug|Any CPU.ActiveCfg = Debug|Any CPU
		{D38D7F99-640D-4EEE-BE20-DF618CD8B723}.Debug|Any CPU.Build.0 = Debug|Any CPU
		{D38D7F99-640D-4EEE-BE20-DF618CD8B723}.Release|Any CPU.ActiveCfg = Release|Any CPU
		{D38D7F99-640D-4EEE-BE20-DF618CD8B723}.Release|Any CPU.Build.0 = Release|Any CPU
	EndGlobalSection
	GlobalSection(SolutionProperties) = preSolution
		HideSolutionNode = FALSE
	EndGlobalSection
	GlobalSection(ExtensibilityGlobals) = postSolution
		SolutionGuid = {7939BA0F-F6C4-4240-99CC-967489B13756}
	EndGlobalSection
EndGlobal
